# This file was autogenerated by Stack.
# You should not edit this file by hand.
# For more information, please see the documentation at:
#   https://docs.haskellstack.org/en/stable/lock_files

packages:
- completed:
    name: maf2-analysis
    pantry-tree:
      sha256: fc8ae53644d9666f5ef5141139ec97ad287abe623b3c0b3430dc36e99d71789e
      size: 24734
    sha256: 4bfd7bd23c92935c8427e6d55201e8903e24fbe1ee2fcac1cc6ec8dc1c0bfdab
    size: 723922
    subdir: maf2-analysis
    url: https://github.com/softwarelanguageslab/maf-hs/archive/610a317c81fc4eab4e34478c574bfa41677d3769.tar.gz
    version: 0.1.0.0
  original:
    subdir: maf2-analysis
    url: https://github.com/softwarelanguageslab/maf-hs/archive/610a317c81fc4eab4e34478c574bfa41677d3769.tar.gz
- completed:
    name: maf2-syntax
    pantry-tree:
      sha256: 325dd67572c4b39aa2f5d927452629209583b300a5322f36f2ec28b28ce7fd2c
      size: 1323
    sha256: 4bfd7bd23c92935c8427e6d55201e8903e24fbe1ee2fcac1cc6ec8dc1c0bfdab
    size: 723922
    subdir: maf2-syntax
    url: https://github.com/softwarelanguageslab/maf-hs/archive/610a317c81fc4eab4e34478c574bfa41677d3769.tar.gz
    version: 0.1.0.0
  original:
    subdir: maf2-syntax
    url: https://github.com/softwarelanguageslab/maf-hs/archive/610a317c81fc4eab4e34478c574bfa41677d3769.tar.gz
- completed:
    name: maf2-domains
    pantry-tree:
      sha256: 4f024bbb1caf63bbee8a676adf9c4bb319a0aeca1a469c7481442e62612d9627
      size: 5476
    sha256: 4bfd7bd23c92935c8427e6d55201e8903e24fbe1ee2fcac1cc6ec8dc1c0bfdab
    size: 723922
    subdir: maf2-domains
    url: https://github.com/softwarelanguageslab/maf-hs/archive/610a317c81fc4eab4e34478c574bfa41677d3769.tar.gz
    version: 0.1.0.0
  original:
    subdir: maf2-domains
    url: https://github.com/softwarelanguageslab/maf-hs/archive/610a317c81fc4eab4e34478c574bfa41677d3769.tar.gz
- completed:
    name: maf2-typelevel
    pantry-tree:
      sha256: b54b02866b43c62ef588ce73b2821fc539842b40d206bde8d395b7b7dace0910
      size: 857
    sha256: 4bfd7bd23c92935c8427e6d55201e8903e24fbe1ee2fcac1cc6ec8dc1c0bfdab
    size: 723922
    subdir: maf2-typelevel
    url: https://github.com/softwarelanguageslab/maf-hs/archive/610a317c81fc4eab4e34478c574bfa41677d3769.tar.gz
    version: 0.1.0.0
  original:
    subdir: maf2-typelevel
    url: https://github.com/softwarelanguageslab/maf-hs/archive/610a317c81fc4eab4e34478c574bfa41677d3769.tar.gz
snapshots:
- completed:
    sha256: a81fb3877c4f9031e1325eb3935122e608d80715dc16b586eb11ddbff8671ecd
    size: 640086
    url: https://raw.githubusercontent.com/commercialhaskell/stackage-snapshots/master/lts/21/25.yaml
  original:
    url: https://raw.githubusercontent.com/commercialhaskell/stackage-snapshots/master/lts/21/25.yaml
