# This file was autogenerated by Stack.
# You should not edit this file by hand.
# For more information, please see the documentation at:
#   https://docs.haskellstack.org/en/stable/lock_files

packages:
- completed:
    name: maf2-analysis
    pantry-tree:
      sha256: afcff531af03576262692f68b1b4a091b6e7568293db41e80813c5fcf8fee98c
      size: 24808
    sha256: 6245f6b17e87f6b4dce25f8fe547c411b21ebdc208ef2fa67b803af28b1822cc
    size: 723915
    subdir: maf2-analysis
    url: https://github.com/softwarelanguageslab/maf-hs/archive/1b016f341e80e8e04aacb3c7c66ccca9f84beba7.tar.gz
    version: 0.1.0.0
  original:
    subdir: maf2-analysis
    url: https://github.com/softwarelanguageslab/maf-hs/archive/1b016f341e80e8e04aacb3c7c66ccca9f84beba7.tar.gz
- completed:
    name: maf2-syntax
    pantry-tree:
      sha256: 325dd67572c4b39aa2f5d927452629209583b300a5322f36f2ec28b28ce7fd2c
      size: 1323
    sha256: 6245f6b17e87f6b4dce25f8fe547c411b21ebdc208ef2fa67b803af28b1822cc
    size: 723915
    subdir: maf2-syntax
    url: https://github.com/softwarelanguageslab/maf-hs/archive/1b016f341e80e8e04aacb3c7c66ccca9f84beba7.tar.gz
    version: 0.1.0.0
  original:
    subdir: maf2-syntax
    url: https://github.com/softwarelanguageslab/maf-hs/archive/1b016f341e80e8e04aacb3c7c66ccca9f84beba7.tar.gz
- completed:
    name: maf2-domains
    pantry-tree:
      sha256: 3e09607f38e3892f10edca34d5a884abb128d8eb227e132041251460fa245a48
      size: 5625
    sha256: 6245f6b17e87f6b4dce25f8fe547c411b21ebdc208ef2fa67b803af28b1822cc
    size: 723915
    subdir: maf2-domains
    url: https://github.com/softwarelanguageslab/maf-hs/archive/1b016f341e80e8e04aacb3c7c66ccca9f84beba7.tar.gz
    version: 0.1.0.0
  original:
    subdir: maf2-domains
    url: https://github.com/softwarelanguageslab/maf-hs/archive/1b016f341e80e8e04aacb3c7c66ccca9f84beba7.tar.gz
- completed:
    name: maf2-typelevel
    pantry-tree:
      sha256: b54b02866b43c62ef588ce73b2821fc539842b40d206bde8d395b7b7dace0910
      size: 857
    sha256: 6245f6b17e87f6b4dce25f8fe547c411b21ebdc208ef2fa67b803af28b1822cc
    size: 723915
    subdir: maf2-typelevel
    url: https://github.com/softwarelanguageslab/maf-hs/archive/1b016f341e80e8e04aacb3c7c66ccca9f84beba7.tar.gz
    version: 0.1.0.0
  original:
    subdir: maf2-typelevel
    url: https://github.com/softwarelanguageslab/maf-hs/archive/1b016f341e80e8e04aacb3c7c66ccca9f84beba7.tar.gz
snapshots:
- completed:
    sha256: a81fb3877c4f9031e1325eb3935122e608d80715dc16b586eb11ddbff8671ecd
    size: 640086
    url: https://raw.githubusercontent.com/commercialhaskell/stackage-snapshots/master/lts/21/25.yaml
  original:
    url: https://raw.githubusercontent.com/commercialhaskell/stackage-snapshots/master/lts/21/25.yaml
