# This file was autogenerated by Stack.
# You should not edit this file by hand.
# For more information, please see the documentation at:
#   https://docs.haskellstack.org/en/stable/lock_files

packages:
- completed:
    name: maf2-analysis
    pantry-tree:
      sha256: 1c5f2e9c7a332b4b4790594affb4b4c6e675a88a83a0f6df194491fd665ca474
      size: 24734
    sha256: 2a7860c47f00dab6cf23c495a8f4800a2362fd1d173857fed8f5ffadf70b83af
    size: 724401
    subdir: maf2-analysis
    url: https://github.com/softwarelanguageslab/maf-hs/archive/ceb184de59ec2e5cee8e8dac93d48bd2f6048a69.tar.gz
    version: 0.1.0.0
  original:
    subdir: maf2-analysis
    url: https://github.com/softwarelanguageslab/maf-hs/archive/ceb184de59ec2e5cee8e8dac93d48bd2f6048a69.tar.gz
- completed:
    name: maf2-syntax
    pantry-tree:
      sha256: 325dd67572c4b39aa2f5d927452629209583b300a5322f36f2ec28b28ce7fd2c
      size: 1323
    sha256: 2a7860c47f00dab6cf23c495a8f4800a2362fd1d173857fed8f5ffadf70b83af
    size: 724401
    subdir: maf2-syntax
    url: https://github.com/softwarelanguageslab/maf-hs/archive/ceb184de59ec2e5cee8e8dac93d48bd2f6048a69.tar.gz
    version: 0.1.0.0
  original:
    subdir: maf2-syntax
    url: https://github.com/softwarelanguageslab/maf-hs/archive/ceb184de59ec2e5cee8e8dac93d48bd2f6048a69.tar.gz
- completed:
    name: maf2-domains
    pantry-tree:
      sha256: 4f024bbb1caf63bbee8a676adf9c4bb319a0aeca1a469c7481442e62612d9627
      size: 5476
    sha256: 2a7860c47f00dab6cf23c495a8f4800a2362fd1d173857fed8f5ffadf70b83af
    size: 724401
    subdir: maf2-domains
    url: https://github.com/softwarelanguageslab/maf-hs/archive/ceb184de59ec2e5cee8e8dac93d48bd2f6048a69.tar.gz
    version: 0.1.0.0
  original:
    subdir: maf2-domains
    url: https://github.com/softwarelanguageslab/maf-hs/archive/ceb184de59ec2e5cee8e8dac93d48bd2f6048a69.tar.gz
- completed:
    name: maf2-typelevel
    pantry-tree:
      sha256: b54b02866b43c62ef588ce73b2821fc539842b40d206bde8d395b7b7dace0910
      size: 857
    sha256: 2a7860c47f00dab6cf23c495a8f4800a2362fd1d173857fed8f5ffadf70b83af
    size: 724401
    subdir: maf2-typelevel
    url: https://github.com/softwarelanguageslab/maf-hs/archive/ceb184de59ec2e5cee8e8dac93d48bd2f6048a69.tar.gz
    version: 0.1.0.0
  original:
    subdir: maf2-typelevel
    url: https://github.com/softwarelanguageslab/maf-hs/archive/ceb184de59ec2e5cee8e8dac93d48bd2f6048a69.tar.gz
snapshots:
- completed:
    sha256: a81fb3877c4f9031e1325eb3935122e608d80715dc16b586eb11ddbff8671ecd
    size: 640086
    url: https://raw.githubusercontent.com/commercialhaskell/stackage-snapshots/master/lts/21/25.yaml
  original:
    url: https://raw.githubusercontent.com/commercialhaskell/stackage-snapshots/master/lts/21/25.yaml
